
Microsoft Visual Studio Solution File, Format Version 12.00
# Visual Studio Version 17
VisualStudioVersion = 17.7.34024.191
MinimumVisualStudioVersion = 10.0.40219.1
Project("{9A19103F-16F7-4668-BE54-9A1E7A4F7556}") = "AccessHunter", "AccessHunter.csproj", "{40277D71-A8D0-468F-A989-0CB6D0E7DE40}"
EndProject
Global
	GlobalSection(SolutionConfigurationPlatforms) = preSolution
		Debug|Any CPU = Debug|Any CPU
		Release|Any CPU = Release|Any CPU
	EndGlobalSection
	GlobalSection(ProjectConfigurationPlatforms) = postSolution
		{40277D71-A8D0-468F-A989-0CB6D0E7DE40}.Debug|Any CPU.ActiveCfg = Debug|Any CPU
		{40277D71-A8D0-468F-A989-0CB6D0E7DE40}.Debug|Any CPU.Build.0 = Debug|Any CPU
		{40277D71-A8D0-468F-A989-0CB6D0E7DE40}.Release|Any CPU.ActiveCfg = Release|Any CPU
		{40277D71-A8D0-468F-A989-0CB6D0E7DE40}.Release|Any CPU.Build.0 = Release|Any CPU
	EndGlobalSection
	GlobalSection(SolutionProperties) = preSolution
		HideSolutionNode = FALSE
	EndGlobalSection
	GlobalSection(ExtensibilityGlobals) = postSolution
		SolutionGuid = {A3C2681A-010A-4558-AACD-76F5DB631D16}
	EndGlobalSection
EndGlobal
